
Microsoft Visual Studio Solution File, Format Version 12.00
# Visual Studio Version 17
VisualStudioVersion = 17.11.35327.3
MinimumVisualStudioVersion = 10.0.40219.1
Project("{FAE04EC0-301F-11D3-BF4B-00C04F79EFBC}") = "Laba3_N1-3", "Laba3_N1-3\Laba3_N1-3.csproj", "{57FCB603-168D-4267-92AF-FB52486F5C11}"
EndProject
Global
	GlobalSection(SolutionConfigurationPlatforms) = preSolution
		Debug|Any CPU = Debug|Any CPU
		Release|Any CPU = Release|Any CPU
	EndGlobalSection
	GlobalSection(ProjectConfigurationPlatforms) = postSolution
		{57FCB603-168D-4267-92AF-FB52486F5C11}.Debug|Any CPU.ActiveCfg = Debug|Any CPU
		{57FCB603-168D-4267-92AF-FB52486F5C11}.Debug|Any CPU.Build.0 = Debug|Any CPU
		{57FCB603-168D-4267-92AF-FB52486F5C11}.Release|Any CPU.ActiveCfg = Release|Any CPU
		{57FCB603-168D-4267-92AF-FB52486F5C11}.Release|Any CPU.Build.0 = Release|Any CPU
	EndGlobalSection
	GlobalSection(SolutionProperties) = preSolution
		HideSolutionNode = FALSE
	EndGlobalSection
	GlobalSection(ExtensibilityGlobals) = postSolution
		SolutionGuid = {9D3561CA-0AE5-46FD-97F0-2E91E8B80A62}
	EndGlobalSection
EndGlobal
